
Microsoft Visual Studio Solution File, Format Version 12.00
# Visual Studio Version 16
VisualStudioVersion = 16.0.31515.178
MinimumVisualStudioVersion = 10.0.40219.1
Project("{9A19103F-16F7-4668-BE54-9A1E7A4F7556}") = "PharmClient", "PharmClient.csproj", "{31F46F8E-31B6-4BF6-BC86-36CE029CAF26}"
EndProject
Project("{FAE04EC0-301F-11D3-BF4B-00C04F79EFBC}") = "pharmtest", "D:\.net folder\pharmtest\pharmtest.csproj", "{CA9FAD89-F976-42F1-9D42-8027D141286D}"
EndProject
Global
	GlobalSection(SolutionConfigurationPlatforms) = preSolution
		Debug|Any CPU = Debug|Any CPU
		Release|Any CPU = Release|Any CPU
	EndGlobalSection
	GlobalSection(ProjectConfigurationPlatforms) = postSolution
		{31F46F8E-31B6-4BF6-BC86-36CE029CAF26}.Debug|Any CPU.ActiveCfg = Debug|Any CPU
		{31F46F8E-31B6-4BF6-BC86-36CE029CAF26}.Debug|Any CPU.Build.0 = Debug|Any CPU
		{31F46F8E-31B6-4BF6-BC86-36CE029CAF26}.Release|Any CPU.ActiveCfg = Release|Any CPU
		{31F46F8E-31B6-4BF6-BC86-36CE029CAF26}.Release|Any CPU.Build.0 = Release|Any CPU
		{CA9FAD89-F976-42F1-9D42-8027D141286D}.Debug|Any CPU.ActiveCfg = Debug|Any CPU
		{CA9FAD89-F976-42F1-9D42-8027D141286D}.Debug|Any CPU.Build.0 = Debug|Any CPU
		{CA9FAD89-F976-42F1-9D42-8027D141286D}.Release|Any CPU.ActiveCfg = Release|Any CPU
		{CA9FAD89-F976-42F1-9D42-8027D141286D}.Release|Any CPU.Build.0 = Release|Any CPU
	EndGlobalSection
	GlobalSection(SolutionProperties) = preSolution
		HideSolutionNode = FALSE
	EndGlobalSection
	GlobalSection(ExtensibilityGlobals) = postSolution
		SolutionGuid = {72E90504-4861-48ED-84F3-BCBED99E710E}
	EndGlobalSection
EndGlobal
